
Microsoft Visual Studio Solution File, Format Version 12.00
# Visual Studio 15
VisualStudioVersion = 15.0.28010.2046
MinimumVisualStudioVersion = 10.0.40219.1
Project("{9A19103F-16F7-4668-BE54-9A1E7A4F7556}") = "IdentityServerQuickStart", "IdentityServerQuickStart\IdentityServerQuickStart.csproj", "{6CDE94F5-F594-4904-A494-DECC963EFD6A}"
EndProject
Project("{FAE04EC0-301F-11D3-BF4B-00C04F79EFBC}") = "WebApi", "WebApi\WebApi.csproj", "{826D3A6D-CC0D-422E-AF39-730ECC9EAD70}"
EndProject
Project("{FAE04EC0-301F-11D3-BF4B-00C04F79EFBC}") = "ClientCredentialsClient", "ClientCredentialsClient\ClientCredentialsClient.csproj", "{1EA87822-24A4-448F-9E26-05B0D9E6BFEA}"
EndProject
Project("{FAE04EC0-301F-11D3-BF4B-00C04F79EFBC}") = "ResourceOwnerPasswordClient", "ResourceOwnerCredentialsClient\ResourceOwnerPasswordClient.csproj", "{30635095-AACB-4089-91F1-D3FB9953B664}"
EndProject
Project("{FAE04EC0-301F-11D3-BF4B-00C04F79EFBC}") = "MvcClient", "MvcClient\MvcClient.csproj", "{05A6A406-B8AF-4885-8C93-46AB852410EB}"
EndProject
Global
	GlobalSection(SolutionConfigurationPlatforms) = preSolution
		Debug|Any CPU = Debug|Any CPU
		Release|Any CPU = Release|Any CPU
	EndGlobalSection
	GlobalSection(ProjectConfigurationPlatforms) = postSolution
		{6CDE94F5-F594-4904-A494-DECC963EFD6A}.Debug|Any CPU.ActiveCfg = Debug|Any CPU
		{6CDE94F5-F594-4904-A494-DECC963EFD6A}.Debug|Any CPU.Build.0 = Debug|Any CPU
		{6CDE94F5-F594-4904-A494-DECC963EFD6A}.Release|Any CPU.ActiveCfg = Release|Any CPU
		{6CDE94F5-F594-4904-A494-DECC963EFD6A}.Release|Any CPU.Build.0 = Release|Any CPU
		{826D3A6D-CC0D-422E-AF39-730ECC9EAD70}.Debug|Any CPU.ActiveCfg = Debug|Any CPU
		{826D3A6D-CC0D-422E-AF39-730ECC9EAD70}.Debug|Any CPU.Build.0 = Debug|Any CPU
		{826D3A6D-CC0D-422E-AF39-730ECC9EAD70}.Release|Any CPU.ActiveCfg = Release|Any CPU
		{826D3A6D-CC0D-422E-AF39-730ECC9EAD70}.Release|Any CPU.Build.0 = Release|Any CPU
		{1EA87822-24A4-448F-9E26-05B0D9E6BFEA}.Debug|Any CPU.ActiveCfg = Debug|Any CPU
		{1EA87822-24A4-448F-9E26-05B0D9E6BFEA}.Debug|Any CPU.Build.0 = Debug|Any CPU
		{1EA87822-24A4-448F-9E26-05B0D9E6BFEA}.Release|Any CPU.ActiveCfg = Release|Any CPU
		{1EA87822-24A4-448F-9E26-05B0D9E6BFEA}.Release|Any CPU.Build.0 = Release|Any CPU
		{30635095-AACB-4089-91F1-D3FB9953B664}.Debug|Any CPU.ActiveCfg = Debug|Any CPU
		{30635095-AACB-4089-91F1-D3FB9953B664}.Debug|Any CPU.Build.0 = Debug|Any CPU
		{30635095-AACB-4089-91F1-D3FB9953B664}.Release|Any CPU.ActiveCfg = Release|Any CPU
		{30635095-AACB-4089-91F1-D3FB9953B664}.Release|Any CPU.Build.0 = Release|Any CPU
		{05A6A406-B8AF-4885-8C93-46AB852410EB}.Debug|Any CPU.ActiveCfg = Debug|Any CPU
		{05A6A406-B8AF-4885-8C93-46AB852410EB}.Debug|Any CPU.Build.0 = Debug|Any CPU
		{05A6A406-B8AF-4885-8C93-46AB852410EB}.Release|Any CPU.ActiveCfg = Release|Any CPU
		{05A6A406-B8AF-4885-8C93-46AB852410EB}.Release|Any CPU.Build.0 = Release|Any CPU
	EndGlobalSection
	GlobalSection(SolutionProperties) = preSolution
		HideSolutionNode = FALSE
	EndGlobalSection
	GlobalSection(ExtensibilityGlobals) = postSolution
		SolutionGuid = {A52DC132-A81A-4694-823A-63E2D32484E8}
	EndGlobalSection
EndGlobal
